// !$*UTF8*$!
{
	archiveVersion = 1;
	classes = {
	};
	objectVersion = 46;
	objects = {

/* Begin PBXBuildFile section */
		B4425CBA17F3077A006B602C /* QuartzCore.framework in Frameworks */ = {isa = PBXBuildFile; fileRef = B4425CB917F3077A006B602C /* QuartzCore.framework */; };
		B4425CBD17F307AF006B602C /* MCNewSongViewController.m in Sources */ = {isa = PBXBuildFile; fileRef = B4425CBC17F307AF006B602C /* MCNewSongViewController.m */; };
		B4425CC017F31630006B602C /* MCViewSongController.m in Sources */ = {isa = PBXBuildFile; fileRef = B4425CBF17F3162F006B602C /* MCViewSongController.m */; };
		B45A354A17E09E3B00ABA337 /* UIKit.framework in Frameworks */ = {isa = PBXBuildFile; fileRef = B45A354917E09E3B00ABA337 /* UIKit.framework */; };
		B45A354C17E09E3B00ABA337 /* Foundation.framework in Frameworks */ = {isa = PBXBuildFile; fileRef = B45A354B17E09E3B00ABA337 /* Foundation.framework */; };
		B45A354E17E09E3B00ABA337 /* CoreGraphics.framework in Frameworks */ = {isa = PBXBuildFile; fileRef = B45A354D17E09E3B00ABA337 /* CoreGraphics.framework */; };
		B45A355417E09E3B00ABA337 /* InfoPlist.strings in Resources */ = {isa = PBXBuildFile; fileRef = B45A355217E09E3B00ABA337 /* InfoPlist.strings */; };
		B45A355617E09E3B00ABA337 /* main.m in Sources */ = {isa = PBXBuildFile; fileRef = B45A355517E09E3B00ABA337 /* main.m */; };
		B45A355A17E09E3B00ABA337 /* MCAppDelegate.m in Sources */ = {isa = PBXBuildFile; fileRef = B45A355917E09E3B00ABA337 /* MCAppDelegate.m */; };
		B45A355C17E09E3B00ABA337 /* Default.png in Resources */ = {isa = PBXBuildFile; fileRef = B45A355B17E09E3B00ABA337 /* Default.png */; };
		B45A355E17E09E3B00ABA337 /* Default@2x.png in Resources */ = {isa = PBXBuildFile; fileRef = B45A355D17E09E3B00ABA337 /* Default@2x.png */; };
		B45A356017E09E3B00ABA337 /* Default-568h@2x.png in Resources */ = {isa = PBXBuildFile; fileRef = B45A355F17E09E3B00ABA337 /* Default-568h@2x.png */; };
		B45A356317E09E3B00ABA337 /* MainStoryboard.storyboard in Resources */ = {isa = PBXBuildFile; fileRef = B45A356117E09E3B00ABA337 /* MainStoryboard.storyboard */; };
		B45A356E17E0A2F400ABA337 /* Model.xcdatamodeld in Sources */ = {isa = PBXBuildFile; fileRef = B45A356C17E0A2F400ABA337 /* Model.xcdatamodeld */; };
		B483807317EB265100307CE8 /* MCMasterController.m in Sources */ = {isa = PBXBuildFile; fileRef = B483807217EB265100307CE8 /* MCMasterController.m */; };
		B483807617EB28CA00307CE8 /* MCDetailController.m in Sources */ = {isa = PBXBuildFile; fileRef = B483807517EB28CA00307CE8 /* MCDetailController.m */; };
		B483807917EB2FEC00307CE8 /* Song.m in Sources */ = {isa = PBXBuildFile; fileRef = B483807817EB2FEC00307CE8 /* Song.m */; };
		B483807C17EB2FEC00307CE8 /* Musician.m in Sources */ = {isa = PBXBuildFile; fileRef = B483807B17EB2FEC00307CE8 /* Musician.m */; };
		B483807F17EB2FEC00307CE8 /* Album.m in Sources */ = {isa = PBXBuildFile; fileRef = B483807E17EB2FEC00307CE8 /* Album.m */; };
		B48380B917EB3F5C00307CE8 /* MCNewAlbumViewController.m in Sources */ = {isa = PBXBuildFile; fileRef = B48380B817EB3F5B00307CE8 /* MCNewAlbumViewController.m */; };
		B48380BB17EB415400307CE8 /* CoreData.framework in Frameworks */ = {isa = PBXBuildFile; fileRef = B48380BA17EB415400307CE8 /* CoreData.framework */; };
		B4977B9117F18FE200E35E29 /* AuthorPickerViewController.m in Sources */ = {isa = PBXBuildFile; fileRef = B4977B9017F18FE200E35E29 /* AuthorPickerViewController.m */; };
/* End PBXBuildFile section */

/* Begin PBXFileReference section */
		B4425CB917F3077A006B602C /* QuartzCore.framework */ = {isa = PBXFileReference; lastKnownFileType = wrapper.framework; name = QuartzCore.framework; path = System/Library/Frameworks/QuartzCore.framework; sourceTree = SDKROOT; };
		B4425CBB17F307AE006B602C /* MCNewSongViewController.h */ = {isa = PBXFileReference; fileEncoding = 4; lastKnownFileType = sourcecode.c.h; name = MCNewSongViewController.h; path = ../../../MCNewSongViewController.h; sourceTree = "<group>"; };
		B4425CBC17F307AF006B602C /* MCNewSongViewController.m */ = {isa = PBXFileReference; fileEncoding = 4; lastKnownFileType = sourcecode.c.objc; name = MCNewSongViewController.m; path = ../../../MCNewSongViewController.m; sourceTree = "<group>"; };
		B4425CBE17F3162F006B602C /* MCViewSongController.h */ = {isa = PBXFileReference; fileEncoding = 4; lastKnownFileType = sourcecode.c.h; path = MCViewSongController.h; sourceTree = "<group>"; };
		B4425CBF17F3162F006B602C /* MCViewSongController.m */ = {isa = PBXFileReference; fileEncoding = 4; lastKnownFileType = sourcecode.c.objc; path = MCViewSongController.m; sourceTree = "<group>"; };
		B45A354617E09E3B00ABA337 /* MusicCatalog.app */ = {isa = PBXFileReference; explicitFileType = wrapper.application; includeInIndex = 0; path = MusicCatalog.app; sourceTree = BUILT_PRODUCTS_DIR; };
		B45A354917E09E3B00ABA337 /* UIKit.framework */ = {isa = PBXFileReference; lastKnownFileType = wrapper.framework; name = UIKit.framework; path = System/Library/Frameworks/UIKit.framework; sourceTree = SDKROOT; };
		B45A354B17E09E3B00ABA337 /* Foundation.framework */ = {isa = PBXFileReference; lastKnownFileType = wrapper.framework; name = Foundation.framework; path = System/Library/Frameworks/Foundation.framework; sourceTree = SDKROOT; };
		B45A354D17E09E3B00ABA337 /* CoreGraphics.framework */ = {isa = PBXFileReference; lastKnownFileType = wrapper.framework; name = CoreGraphics.framework; path = System/Library/Frameworks/CoreGraphics.framework; sourceTree = SDKROOT; };
		B45A355117E09E3B00ABA337 /* MusicCatalog-Info.plist */ = {isa = PBXFileReference; lastKnownFileType = text.plist.xml; path = "MusicCatalog-Info.plist"; sourceTree = "<group>"; };
		B45A355317E09E3B00ABA337 /* en */ = {isa = PBXFileReference; lastKnownFileType = text.plist.strings; name = en; path = en.lproj/InfoPlist.strings; sourceTree = "<group>"; };
		B45A355517E09E3B00ABA337 /* main.m */ = {isa = PBXFileReference; lastKnownFileType = sourcecode.c.objc; path = main.m; sourceTree = "<group>"; };
		B45A355717E09E3B00ABA337 /* MusicCatalog-Prefix.pch */ = {isa = PBXFileReference; lastKnownFileType = sourcecode.c.h; path = "MusicCatalog-Prefix.pch"; sourceTree = "<group>"; };
		B45A355817E09E3B00ABA337 /* MCAppDelegate.h */ = {isa = PBXFileReference; lastKnownFileType = sourcecode.c.h; path = MCAppDelegate.h; sourceTree = "<group>"; };
		B45A355917E09E3B00ABA337 /* MCAppDelegate.m */ = {isa = PBXFileReference; lastKnownFileType = sourcecode.c.objc; path = MCAppDelegate.m; sourceTree = "<group>"; };
		B45A355B17E09E3B00ABA337 /* Default.png */ = {isa = PBXFileReference; lastKnownFileType = image.png; path = Default.png; sourceTree = "<group>"; };
		B45A355D17E09E3B00ABA337 /* Default@2x.png */ = {isa = PBXFileReference; lastKnownFileType = image.png; path = "Default@2x.png"; sourceTree = "<group>"; };
		B45A355F17E09E3B00ABA337 /* Default-568h@2x.png */ = {isa = PBXFileReference; lastKnownFileType = image.png; path = "Default-568h@2x.png"; sourceTree = "<group>"; };
		B45A356217E09E3B00ABA337 /* en */ = {isa = PBXFileReference; lastKnownFileType = file.storyboard; name = en; path = en.lproj/MainStoryboard.storyboard; sourceTree = "<group>"; };
		B45A356D17E0A2F400ABA337 /* Model.xcdatamodel */ = {isa = PBXFileReference; lastKnownFileType = wrapper.xcdatamodel; path = Model.xcdatamodel; sourceTree = "<group>"; };
		B483807117EB265100307CE8 /* MCMasterController.h */ = {isa = PBXFileReference; fileEncoding = 4; lastKnownFileType = sourcecode.c.h; path = MCMasterController.h; sourceTree = "<group>"; };
		B483807217EB265100307CE8 /* MCMasterController.m */ = {isa = PBXFileReference; fileEncoding = 4; lastKnownFileType = sourcecode.c.objc; path = MCMasterController.m; sourceTree = "<group>"; };
		B483807417EB28CA00307CE8 /* MCDetailController.h */ = {isa = PBXFileReference; fileEncoding = 4; lastKnownFileType = sourcecode.c.h; path = MCDetailController.h; sourceTree = "<group>"; };
		B483807517EB28CA00307CE8 /* MCDetailController.m */ = {isa = PBXFileReference; fileEncoding = 4; lastKnownFileType = sourcecode.c.objc; path = MCDetailController.m; sourceTree = "<group>"; };
		B483807717EB2FEC00307CE8 /* Song.h */ = {isa = PBXFileReference; fileEncoding = 4; lastKnownFileType = sourcecode.c.h; path = Song.h; sourceTree = "<group>"; };
		B483807817EB2FEC00307CE8 /* Song.m */ = {isa = PBXFileReference; fileEncoding = 4; lastKnownFileType = sourcecode.c.objc; path = Song.m; sourceTree = "<group>"; };
		B483807A17EB2FEC00307CE8 /* Musician.h */ = {isa = PBXFileReference; fileEncoding = 4; lastKnownFileType = sourcecode.c.h; path = Musician.h; sourceTree = "<group>"; };
		B483807B17EB2FEC00307CE8 /* Musician.m */ = {isa = PBXFileReference; fileEncoding = 4; lastKnownFileType = sourcecode.c.objc; path = Musician.m; sourceTree = "<group>"; };
		B483807D17EB2FEC00307CE8 /* Album.h */ = {isa = PBXFileReference; fileEncoding = 4; lastKnownFileType = sourcecode.c.h; path = Album.h; sourceTree = "<group>"; };
		B483807E17EB2FEC00307CE8 /* Album.m */ = {isa = PBXFileReference; fileEncoding = 4; lastKnownFileType = sourcecode.c.objc; path = Album.m; sourceTree = "<group>"; };
		B48380B717EB3F5B00307CE8 /* MCNewAlbumViewController.h */ = {isa = PBXFileReference; fileEncoding = 4; lastKnownFileType = sourcecode.c.h; path = MCNewAlbumViewController.h; sourceTree = "<group>"; };
		B48380B817EB3F5B00307CE8 /* MCNewAlbumViewController.m */ = {isa = PBXFileReference; fileEncoding = 4; lastKnownFileType = sourcecode.c.objc; path = MCNewAlbumViewController.m; sourceTree = "<group>"; };
		B48380BA17EB415400307CE8 /* CoreData.framework */ = {isa = PBXFileReference; lastKnownFileType = wrapper.framework; name = CoreData.framework; path = System/Library/Frameworks/CoreData.framework; sourceTree = SDKROOT; };
		B4977B8F17F18FE100E35E29 /* AuthorPickerViewController.h */ = {isa = PBXFileReference; fileEncoding = 4; lastKnownFileType = sourcecode.c.h; name = AuthorPickerViewController.h; path = ../../../AuthorPickerViewController.h; sourceTree = "<group>"; };
		B4977B9017F18FE200E35E29 /* AuthorPickerViewController.m */ = {isa = PBXFileReference; fileEncoding = 4; lastKnownFileType = sourcecode.c.objc; name = AuthorPickerViewController.m; path = ../../../AuthorPickerViewController.m; sourceTree = "<group>"; };
/* End PBXFileReference section */

/* Begin PBXFrameworksBuildPhase section */
		B45A354317E09E3B00ABA337 /* Frameworks */ = {
			isa = PBXFrameworksBuildPhase;
			buildActionMask = 2147483647;
			files = (
				B4425CBA17F3077A006B602C /* QuartzCore.framework in Frameworks */,
				B48380BB17EB415400307CE8 /* CoreData.framework in Frameworks */,
				B45A354A17E09E3B00ABA337 /* UIKit.framework in Frameworks */,
				B45A354C17E09E3B00ABA337 /* Foundation.framework in Frameworks */,
				B45A354E17E09E3B00ABA337 /* CoreGraphics.framework in Frameworks */,
			);
			runOnlyForDeploymentPostprocessing = 0;
		};
/* End PBXFrameworksBuildPhase section */

/* Begin PBXGroup section */
		B45A353D17E09E3B00ABA337 = {
			isa = PBXGroup;
			children = (
				B45A354F17E09E3B00ABA337 /* MusicCatalog */,
				B45A354817E09E3B00ABA337 /* Frameworks */,
				B45A354717E09E3B00ABA337 /* Products */,
			);
			sourceTree = "<group>";
		};
		B45A354717E09E3B00ABA337 /* Products */ = {
			isa = PBXGroup;
			children = (
				B45A354617E09E3B00ABA337 /* MusicCatalog.app */,
			);
			name = Products;
			sourceTree = "<group>";
		};
		B45A354817E09E3B00ABA337 /* Frameworks */ = {
			isa = PBXGroup;
			children = (
				B4425CB917F3077A006B602C /* QuartzCore.framework */,
				B48380BA17EB415400307CE8 /* CoreData.framework */,
				B45A354917E09E3B00ABA337 /* UIKit.framework */,
				B45A354B17E09E3B00ABA337 /* Foundation.framework */,
				B45A354D17E09E3B00ABA337 /* CoreGraphics.framework */,
			);
			name = Frameworks;
			sourceTree = "<group>";
		};
		B45A354F17E09E3B00ABA337 /* MusicCatalog */ = {
			isa = PBXGroup;
			children = (
				B4F0D13B17F3196B00B3E197 /* CoreData */,
				B45A356C17E0A2F400ABA337 /* Model.xcdatamodeld */,
				B45A356117E09E3B00ABA337 /* MainStoryboard.storyboard */,
				B45A355817E09E3B00ABA337 /* MCAppDelegate.h */,
				B45A355917E09E3B00ABA337 /* MCAppDelegate.m */,
				B48380B717EB3F5B00307CE8 /* MCNewAlbumViewController.h */,
				B48380B817EB3F5B00307CE8 /* MCNewAlbumViewController.m */,
				B4425CBB17F307AE006B602C /* MCNewSongViewController.h */,
				B4425CBC17F307AF006B602C /* MCNewSongViewController.m */,
				B4977B8F17F18FE100E35E29 /* AuthorPickerViewController.h */,
				B4977B9017F18FE200E35E29 /* AuthorPickerViewController.m */,
				B4425CBE17F3162F006B602C /* MCViewSongController.h */,
				B4425CBF17F3162F006B602C /* MCViewSongController.m */,
				B483807417EB28CA00307CE8 /* MCDetailController.h */,
				B483807517EB28CA00307CE8 /* MCDetailController.m */,
				B483807117EB265100307CE8 /* MCMasterController.h */,
				B483807217EB265100307CE8 /* MCMasterController.m */,
				B45A355017E09E3B00ABA337 /* Supporting Files */,
			);
			path = MusicCatalog;
			sourceTree = "<group>";
		};
		B45A355017E09E3B00ABA337 /* Supporting Files */ = {
			isa = PBXGroup;
			children = (
				B45A355117E09E3B00ABA337 /* MusicCatalog-Info.plist */,
				B45A355217E09E3B00ABA337 /* InfoPlist.strings */,
				B45A355517E09E3B00ABA337 /* main.m */,
				B45A355717E09E3B00ABA337 /* MusicCatalog-Prefix.pch */,
				B45A355B17E09E3B00ABA337 /* Default.png */,
				B45A355D17E09E3B00ABA337 /* Default@2x.png */,
				B45A355F17E09E3B00ABA337 /* Default-568h@2x.png */,
			);
			name = "Supporting Files";
			sourceTree = "<group>";
		};
		B4F0D13B17F3196B00B3E197 /* CoreData */ = {
			isa = PBXGroup;
			children = (
				B483807D17EB2FEC00307CE8 /* Album.h */,
				B483807E17EB2FEC00307CE8 /* Album.m */,
				B483807A17EB2FEC00307CE8 /* Musician.h */,
				B483807B17EB2FEC00307CE8 /* Musician.m */,
				B483807717EB2FEC00307CE8 /* Song.h */,
				B483807817EB2FEC00307CE8 /* Song.m */,
			);
			name = CoreData;
			sourceTree = "<group>";
		};
/* End PBXGroup section */

/* Begin PBXNativeTarget section */
		B45A354517E09E3B00ABA337 /* MusicCatalog */ = {
			isa = PBXNativeTarget;
			buildConfigurationList = B45A356917E09E3B00ABA337 /* Build configuration list for PBXNativeTarget "MusicCatalog" */;
			buildPhases = (
				B45A354217E09E3B00ABA337 /* Sources */,
				B45A354317E09E3B00ABA337 /* Frameworks */,
				B45A354417E09E3B00ABA337 /* Resources */,
			);
			buildRules = (
			);
			dependencies = (
			);
			name = MusicCatalog;
			productName = MusicCatalog;
			productReference = B45A354617E09E3B00ABA337 /* MusicCatalog.app */;
			productType = "com.apple.product-type.application";
		};
/* End PBXNativeTarget section */

/* Begin PBXProject section */
		B45A353E17E09E3B00ABA337 /* Project object */ = {
			isa = PBXProject;
			attributes = {
				CLASSPREFIX = MC;
				LastUpgradeCheck = 0460;
				ORGANIZATIONNAME = "Gavrina Maria";
			};
			buildConfigurationList = B45A354117E09E3B00ABA337 /* Build configuration list for PBXProject "MusicCatalog" */;
			compatibilityVersion = "Xcode 3.2";
			developmentRegion = English;
			hasScannedForEncodings = 0;
			knownRegions = (
				en,
			);
			mainGroup = B45A353D17E09E3B00ABA337;
			productRefGroup = B45A354717E09E3B00ABA337 /* Products */;
			projectDirPath = "";
			projectRoot = "";
			targets = (
				B45A354517E09E3B00ABA337 /* MusicCatalog */,
			);
		};
/* End PBXProject section */

/* Begin PBXResourcesBuildPhase section */
		B45A354417E09E3B00ABA337 /* Resources */ = {
			isa = PBXResourcesBuildPhase;
			buildActionMask = 2147483647;
			files = (
				B45A355417E09E3B00ABA337 /* InfoPlist.strings in Resources */,
				B45A355C17E09E3B00ABA337 /* Default.png in Resources */,
				B45A355E17E09E3B00ABA337 /* Default@2x.png in Resources */,
				B45A356017E09E3B00ABA337 /* Default-568h@2x.png in Resources */,
				B45A356317E09E3B00ABA337 /* MainStoryboard.storyboard in Resources */,
			);
			runOnlyForDeploymentPostprocessing = 0;
		};
/* End PBXResourcesBuildPhase section */

/* Begin PBXSourcesBuildPhase section */
		B45A354217E09E3B00ABA337 /* Sources */ = {
			isa = PBXSourcesBuildPhase;
			buildActionMask = 2147483647;
			files = (
				B45A355617E09E3B00ABA337 /* main.m in Sources */,
				B45A355A17E09E3B00ABA337 /* MCAppDelegate.m in Sources */,
				B45A356E17E0A2F400ABA337 /* Model.xcdatamodeld in Sources */,
				B483807317EB265100307CE8 /* MCMasterController.m in Sources */,
				B483807617EB28CA00307CE8 /* MCDetailController.m in Sources */,
				B483807917EB2FEC00307CE8 /* Song.m in Sources */,
				B483807C17EB2FEC00307CE8 /* Musician.m in Sources */,
				B483807F17EB2FEC00307CE8 /* Album.m in Sources */,
				B48380B917EB3F5C00307CE8 /* MCNewAlbumViewController.m in Sources */,
				B4977B9117F18FE200E35E29 /* AuthorPickerViewController.m in Sources */,
				B4425CBD17F307AF006B602C /* MCNewSongViewController.m in Sources */,
				B4425CC017F31630006B602C /* MCViewSongController.m in Sources */,
			);
			runOnlyForDeploymentPostprocessing = 0;
		};
/* End PBXSourcesBuildPhase section */

/* Begin PBXVariantGroup section */
		B45A355217E09E3B00ABA337 /* InfoPlist.strings */ = {
			isa = PBXVariantGroup;
			children = (
				B45A355317E09E3B00ABA337 /* en */,
			);
			name = InfoPlist.strings;
			sourceTree = "<group>";
		};
		B45A356117E09E3B00ABA337 /* MainStoryboard.storyboard */ = {
			isa = PBXVariantGroup;
			children = (
				B45A356217E09E3B00ABA337 /* en */,
			);
			name = MainStoryboard.storyboard;
			sourceTree = "<group>";
		};
/* End PBXVariantGroup section */

/* Begin XCBuildConfiguration section */
		B45A356717E09E3B00ABA337 /* Debug */ = {
			isa = XCBuildConfiguration;
			buildSettings = {
				ALWAYS_SEARCH_USER_PATHS = NO;
				CLANG_CXX_LANGUAGE_STANDARD = "gnu++0x";
				CLANG_CXX_LIBRARY = "libc++";
				CLANG_ENABLE_OBJC_ARC = YES;
				CLANG_WARN_CONSTANT_CONVERSION = YES;
				CLANG_WARN_EMPTY_BODY = YES;
				CLANG_WARN_ENUM_CONVERSION = YES;
				CLANG_WARN_INT_CONVERSION = YES;
				CLANG_WARN__DUPLICATE_METHOD_MATCH = YES;
				"CODE_SIGN_IDENTITY[sdk=iphoneos*]" = "iPhone Developer";
				COPY_PHASE_STRIP = NO;
				GCC_C_LANGUAGE_STANDARD = gnu99;
				GCC_DYNAMIC_NO_PIC = NO;
				GCC_OPTIMIZATION_LEVEL = 0;
				GCC_PREPROCESSOR_DEFINITIONS = (
					"DEBUG=1",
					"$(inherited)",
				);
				GCC_SYMBOLS_PRIVATE_EXTERN = NO;
				GCC_WARN_ABOUT_RETURN_TYPE = YES;
				GCC_WARN_UNINITIALIZED_AUTOS = YES;
				GCC_WARN_UNUSED_VARIABLE = YES;
				IPHONEOS_DEPLOYMENT_TARGET = 6.1;
				ONLY_ACTIVE_ARCH = YES;
				SDKROOT = iphoneos;
				TARGETED_DEVICE_FAMILY = 2;
			};
			name = Debug;
		};
		B45A356817E09E3B00ABA337 /* Release */ = {
			isa = XCBuildConfiguration;
			buildSettings = {
				ALWAYS_SEARCH_USER_PATHS = NO;
				CLANG_CXX_LANGUAGE_STANDARD = "gnu++0x";
				CLANG_CXX_LIBRARY = "libc++";
				CLANG_ENABLE_OBJC_ARC = YES;
				CLANG_WARN_CONSTANT_CONVERSION = YES;
				CLANG_WARN_EMPTY_BODY = YES;
				CLANG_WARN_ENUM_CONVERSION = YES;
				CLANG_WARN_INT_CONVERSION = YES;
				CLANG_WARN__DUPLICATE_METHOD_MATCH = YES;
				"CODE_SIGN_IDENTITY[sdk=iphoneos*]" = "iPhone Developer";
				COPY_PHASE_STRIP = YES;
				GCC_C_LANGUAGE_STANDARD = gnu99;
				GCC_WARN_ABOUT_RETURN_TYPE = YES;
				GCC_WARN_UNINITIALIZED_AUTOS = YES;
				GCC_WARN_UNUSED_VARIABLE = YES;
				IPHONEOS_DEPLOYMENT_TARGET = 6.1;
				OTHER_CFLAGS = "-DNS_BLOCK_ASSERTIONS=1";
				SDKROOT = iphoneos;
				TARGETED_DEVICE_FAMILY = 2;
				VALIDATE_PRODUCT = YES;
			};
			name = Release;
		};
		B45A356A17E09E3B00ABA337 /* Debug */ = {
			isa = XCBuildConfiguration;
			buildSettings = {
				GCC_PRECOMPILE_PREFIX_HEADER = YES;
				GCC_PREFIX_HEADER = "MusicCatalog/MusicCatalog-Prefix.pch";
				INFOPLIST_FILE = "MusicCatalog/MusicCatalog-Info.plist";
				IPHONEOS_DEPLOYMENT_TARGET = 5.1;
				PRODUCT_NAME = "$(TARGET_NAME)";
				TARGETED_DEVICE_FAMILY = 2;
				WRAPPER_EXTENSION = app;
			};
			name = Debug;
		};
		B45A356B17E09E3B00ABA337 /* Release */ = {
			isa = XCBuildConfiguration;
			buildSettings = {
				GCC_PRECOMPILE_PREFIX_HEADER = YES;
				GCC_PREFIX_HEADER = "MusicCatalog/MusicCatalog-Prefix.pch";
				INFOPLIST_FILE = "MusicCatalog/MusicCatalog-Info.plist";
				IPHONEOS_DEPLOYMENT_TARGET = 5.1;
				PRODUCT_NAME = "$(TARGET_NAME)";
				TARGETED_DEVICE_FAMILY = 2;
				WRAPPER_EXTENSION = app;
			};
			name = Release;
		};
/* End XCBuildConfiguration section */

/* Begin XCConfigurationList section */
		B45A354117E09E3B00ABA337 /* Build configuration list for PBXProject "MusicCatalog" */ = {
			isa = XCConfigurationList;
			buildConfigurations = (
				B45A356717E09E3B00ABA337 /* Debug */,
				B45A356817E09E3B00ABA337 /* Release */,
			);
			defaultConfigurationIsVisible = 0;
			defaultConfigurationName = Release;
		};
		B45A356917E09E3B00ABA337 /* Build configuration list for PBXNativeTarget "MusicCatalog" */ = {
			isa = XCConfigurationList;
			buildConfigurations = (
				B45A356A17E09E3B00ABA337 /* Debug */,
				B45A356B17E09E3B00ABA337 /* Release */,
			);
			defaultConfigurationIsVisible = 0;
			defaultConfigurationName = Release;
		};
/* End XCConfigurationList section */

/* Begin XCVersionGroup section */
		B45A356C17E0A2F400ABA337 /* Model.xcdatamodeld */ = {
			isa = XCVersionGroup;
			children = (
				B45A356D17E0A2F400ABA337 /* Model.xcdatamodel */,
			);
			currentVersion = B45A356D17E0A2F400ABA337 /* Model.xcdatamodel */;
			path = Model.xcdatamodeld;
			sourceTree = "<group>";
			versionGroupType = wrapper.xcdatamodel;
		};
/* End XCVersionGroup section */
	};
	rootObject = B45A353E17E09E3B00ABA337 /* Project object */;
}
